# This file is automatically @generated by Cargo.
# It is not intended for manual editing.
version = 4

[[package]]
name = "atr-pips"
version = "0.1.0"
dependencies = [
 "atr-plex",
 "glam",
 "slotmap",
]

[[package]]
name = "atr-plex"
version = "0.2.0"
source = "registry+https://github.com/rust-lang/crates.io-index"
checksum = "3e1f8b1e081fdc51660fd1975f1e7b7ced74de9f9958c493e4ec608891076876"

[[package]]
name = "glam"
version = "0.33.3"
source = "registry+https://github.com/rust-lang/crates.io-index"
checksum = "7360bd2cd76e0cd9032d42cf2922155cecea2685b0cfa4630c3246df030bcfd6"

[[package]]
name = "slotmap"
version = "1.1.1"
source = "registry+https://github.com/rust-lang/crates.io-index"
checksum = "bdd58c3c93c3d278ca835519292445cb4b0d4dc59ccfdf7ceadaab3f8aeb4038"
dependencies = [
 "version_check",
]

[[package]]
name = "version_check"
version = "0.9.5"
source = "registry+https://github.com/rust-lang/crates.io-index"
checksum = "0b928f33d975fc6ad9f86c8f283853ad26bdd5b10b7f1542aa2fa15e2289105a"
