# This file is automatically @generated by Cargo.
# It is not intended for manual editing.
version = 4

[[package]]
name = "atr-pips"
version = "0.1.0"
dependencies = [
 "atr-plex",
]

[[package]]
name = "atr-plex"
version = "0.2.0"
source = "registry+https://github.com/rust-lang/crates.io-index"
checksum = "3e1f8b1e081fdc51660fd1975f1e7b7ced74de9f9958c493e4ec608891076876"
